
Microsoft Visual Studio Solution File, Format Version 12.00
# Visual Studio Version 17
VisualStudioVersion = 17.13.35825.156 d17.13
MinimumVisualStudioVersion = 10.0.40219.1
Project("{FAE04EC0-301F-11D3-BF4B-00C04F79EFBC}") = "Examen3", "Examen3.csproj", "{952A1998-22B2-4E4C-BFD8-8F8EC3C6B752}"
EndProject
Global
	GlobalSection(SolutionConfigurationPlatforms) = preSolution
		Debug|Any CPU = Debug|Any CPU
		Release|Any CPU = Release|Any CPU
	EndGlobalSection
	GlobalSection(ProjectConfigurationPlatforms) = postSolution
		{952A1998-22B2-4E4C-BFD8-8F8EC3C6B752}.Debug|Any CPU.ActiveCfg = Debug|Any CPU
		{952A1998-22B2-4E4C-BFD8-8F8EC3C6B752}.Debug|Any CPU.Build.0 = Debug|Any CPU
		{952A1998-22B2-4E4C-BFD8-8F8EC3C6B752}.Release|Any CPU.ActiveCfg = Release|Any CPU
		{952A1998-22B2-4E4C-BFD8-8F8EC3C6B752}.Release|Any CPU.Build.0 = Release|Any CPU
	EndGlobalSection
	GlobalSection(SolutionProperties) = preSolution
		HideSolutionNode = FALSE
	EndGlobalSection
	GlobalSection(ExtensibilityGlobals) = postSolution
		SolutionGuid = {E191CBB9-B3C7-46BD-BF0E-D6748A1ADE37}
	EndGlobalSection
EndGlobal
